
Microsoft Visual Studio Solution File, Format Version 12.00
# Visual Studio Version 16
VisualStudioVersion = 16.0.30225.117
MinimumVisualStudioVersion = 10.0.40219.1
Project("{FAE04EC0-301F-11D3-BF4B-00C04F79EFBC}") = "EncycloEnglish", "EncycloEnglish\EncycloEnglish.csproj", "{198A2BC0-4A30-4879-B4C7-316E8F66B5EC}"
EndProject
Global
	GlobalSection(SolutionConfigurationPlatforms) = preSolution
		Debug|Any CPU = Debug|Any CPU
		Release|Any CPU = Release|Any CPU
	EndGlobalSection
	GlobalSection(ProjectConfigurationPlatforms) = postSolution
		{198A2BC0-4A30-4879-B4C7-316E8F66B5EC}.Debug|Any CPU.ActiveCfg = Debug|Any CPU
		{198A2BC0-4A30-4879-B4C7-316E8F66B5EC}.Debug|Any CPU.Build.0 = Debug|Any CPU
		{198A2BC0-4A30-4879-B4C7-316E8F66B5EC}.Release|Any CPU.ActiveCfg = Release|Any CPU
		{198A2BC0-4A30-4879-B4C7-316E8F66B5EC}.Release|Any CPU.Build.0 = Release|Any CPU
	EndGlobalSection
	GlobalSection(SolutionProperties) = preSolution
		HideSolutionNode = FALSE
	EndGlobalSection
	GlobalSection(ExtensibilityGlobals) = postSolution
		SolutionGuid = {2D18283A-1189-4A42-B99F-C9AB49FA63DE}
	EndGlobalSection
EndGlobal
